// !$*UTF8*$!
{
	archiveVersion = 1;
	classes = {
	};
	objectVersion = 46;
	objects = {

/* Begin PBXBuildFile section */
		8C00FC721B2CD16100A062E4 /* main.m in Sources */ = {isa = PBXBuildFile; fileRef = 8C00FC711B2CD16100A062E4 /* main.m */; };
		8C00FC751B2CD16100A062E4 /* AppDelegate.m in Sources */ = {isa = PBXBuildFile; fileRef = 8C00FC741B2CD16100A062E4 /* AppDelegate.m */; };
		8C00FC781B2CD16100A062E4 /* ViewController.m in Sources */ = {isa = PBXBuildFile; fileRef = 8C00FC771B2CD16100A062E4 /* ViewController.m */; };
		8C00FC7B1B2CD16100A062E4 /* Main.storyboard in Resources */ = {isa = PBXBuildFile; fileRef = 8C00FC791B2CD16100A062E4 /* Main.storyboard */; };
		8C00FC7D1B2CD16100A062E4 /* Images.xcassets in Resources */ = {isa = PBXBuildFile; fileRef = 8C00FC7C1B2CD16100A062E4 /* Images.xcassets */; };
		8C00FC801B2CD16100A062E4 /* LaunchScreen.xib in Resources */ = {isa = PBXBuildFile; fileRef = 8C00FC7E1B2CD16100A062E4 /* LaunchScreen.xib */; };
		8C00FC8C1B2CD16100A062E4 /* FinalMatchismoTests.m in Sources */ = {isa = PBXBuildFile; fileRef = 8C00FC8B1B2CD16100A062E4 /* FinalMatchismoTests.m */; };
/* End PBXBuildFile section */

/* Begin PBXContainerItemProxy section */
		8C00FC861B2CD16100A062E4 /* PBXContainerItemProxy */ = {
			isa = PBXContainerItemProxy;
			containerPortal = 8C00FC641B2CD16100A062E4 /* Project object */;
			proxyType = 1;
			remoteGlobalIDString = 8C00FC6B1B2CD16100A062E4;
			remoteInfo = FinalMatchismo;
		};
/* End PBXContainerItemProxy section */

/* Begin PBXFileReference section */
		8C00FC6C1B2CD16100A062E4 /* FinalMatchismo.app */ = {isa = PBXFileReference; explicitFileType = wrapper.application; includeInIndex = 0; path = FinalMatchismo.app; sourceTree = BUILT_PRODUCTS_DIR; };
		8C00FC701B2CD16100A062E4 /* Info.plist */ = {isa = PBXFileReference; lastKnownFileType = text.plist.xml; path = Info.plist; sourceTree = "<group>"; };
		8C00FC711B2CD16100A062E4 /* main.m */ = {isa = PBXFileReference; lastKnownFileType = sourcecode.c.objc; path = main.m; sourceTree = "<group>"; };
		8C00FC731B2CD16100A062E4 /* AppDelegate.h */ = {isa = PBXFileReference; lastKnownFileType = sourcecode.c.h; path = AppDelegate.h; sourceTree = "<group>"; };
		8C00FC741B2CD16100A062E4 /* AppDelegate.m */ = {isa = PBXFileReference; lastKnownFileType = sourcecode.c.objc; path = AppDelegate.m; sourceTree = "<group>"; };
		8C00FC761B2CD16100A062E4 /* ViewController.h */ = {isa = PBXFileReference; lastKnownFileType = sourcecode.c.h; path = ViewController.h; sourceTree = "<group>"; };
		8C00FC771B2CD16100A062E4 /* ViewController.m */ = {isa = PBXFileReference; lastKnownFileType = sourcecode.c.objc; path = ViewController.m; sourceTree = "<group>"; };
		8C00FC7A1B2CD16100A062E4 /* Base */ = {isa = PBXFileReference; lastKnownFileType = file.storyboard; name = Base; path = Base.lproj/Main.storyboard; sourceTree = "<group>"; };
		8C00FC7C1B2CD16100A062E4 /* Images.xcassets */ = {isa = PBXFileReference; lastKnownFileType = folder.assetcatalog; path = Images.xcassets; sourceTree = "<group>"; };
		8C00FC7F1B2CD16100A062E4 /* Base */ = {isa = PBXFileReference; lastKnownFileType = file.xib; name = Base; path = Base.lproj/LaunchScreen.xib; sourceTree = "<group>"; };
		8C00FC851B2CD16100A062E4 /* FinalMatchismoTests.xctest */ = {isa = PBXFileReference; explicitFileType = wrapper.cfbundle; includeInIndex = 0; path = FinalMatchismoTests.xctest; sourceTree = BUILT_PRODUCTS_DIR; };
		8C00FC8A1B2CD16100A062E4 /* Info.plist */ = {isa = PBXFileReference; lastKnownFileType = text.plist.xml; path = Info.plist; sourceTree = "<group>"; };
		8C00FC8B1B2CD16100A062E4 /* FinalMatchismoTests.m */ = {isa = PBXFileReference; lastKnownFileType = sourcecode.c.objc; path = FinalMatchismoTests.m; sourceTree = "<group>"; };
/* End PBXFileReference section */

/* Begin PBXFrameworksBuildPhase section */
		8C00FC691B2CD16100A062E4 /* Frameworks */ = {
			isa = PBXFrameworksBuildPhase;
			buildActionMask = 2147483647;
			files = (
			);
			runOnlyForDeploymentPostprocessing = 0;
		};
		8C00FC821B2CD16100A062E4 /* Frameworks */ = {
			isa = PBXFrameworksBuildPhase;
			buildActionMask = 2147483647;
			files = (
			);
			runOnlyForDeploymentPostprocessing = 0;
		};
/* End PBXFrameworksBuildPhase section */

/* Begin PBXGroup section */
		8C00FC631B2CD16100A062E4 = {
			isa = PBXGroup;
			children = (
				8C00FC6E1B2CD16100A062E4 /* FinalMatchismo */,
				8C00FC881B2CD16100A062E4 /* FinalMatchismoTests */,
				8C00FC6D1B2CD16100A062E4 /* Products */,
			);
			sourceTree = "<group>";
		};
		8C00FC6D1B2CD16100A062E4 /* Products */ = {
			isa = PBXGroup;
			children = (
				8C00FC6C1B2CD16100A062E4 /* FinalMatchismo.app */,
				8C00FC851B2CD16100A062E4 /* FinalMatchismoTests.xctest */,
			);
			name = Products;
			sourceTree = "<group>";
		};
		8C00FC6E1B2CD16100A062E4 /* FinalMatchismo */ = {
			isa = PBXGroup;
			children = (
				8C00FC731B2CD16100A062E4 /* AppDelegate.h */,
				8C00FC741B2CD16100A062E4 /* AppDelegate.m */,
				8C00FC761B2CD16100A062E4 /* ViewController.h */,
				8C00FC771B2CD16100A062E4 /* ViewController.m */,
				8C00FC791B2CD16100A062E4 /* Main.storyboard */,
				8C00FC7C1B2CD16100A062E4 /* Images.xcassets */,
				8C00FC7E1B2CD16100A062E4 /* LaunchScreen.xib */,
				8C00FC6F1B2CD16100A062E4 /* Supporting Files */,
			);
			path = FinalMatchismo;
			sourceTree = "<group>";
		};
		8C00FC6F1B2CD16100A062E4 /* Supporting Files */ = {
			isa = PBXGroup;
			children = (
				8C00FC701B2CD16100A062E4 /* Info.plist */,
				8C00FC711B2CD16100A062E4 /* main.m */,
			);
			name = "Supporting Files";
			sourceTree = "<group>";
		};
		8C00FC881B2CD16100A062E4 /* FinalMatchismoTests */ = {
			isa = PBXGroup;
			children = (
				8C00FC8B1B2CD16100A062E4 /* FinalMatchismoTests.m */,
				8C00FC891B2CD16100A062E4 /* Supporting Files */,
			);
			path = FinalMatchismoTests;
			sourceTree = "<group>";
		};
		8C00FC891B2CD16100A062E4 /* Supporting Files */ = {
			isa = PBXGroup;
			children = (
				8C00FC8A1B2CD16100A062E4 /* Info.plist */,
			);
			name = "Supporting Files";
			sourceTree = "<group>";
		};
/* End PBXGroup section */

/* Begin PBXNativeTarget section */
		8C00FC6B1B2CD16100A062E4 /* FinalMatchismo */ = {
			isa = PBXNativeTarget;
			buildConfigurationList = 8C00FC8F1B2CD16100A062E4 /* Build configuration list for PBXNativeTarget "FinalMatchismo" */;
			buildPhases = (
				8C00FC681B2CD16100A062E4 /* Sources */,
				8C00FC691B2CD16100A062E4 /* Frameworks */,
				8C00FC6A1B2CD16100A062E4 /* Resources */,
			);
			buildRules = (
			);
			dependencies = (
			);
			name = FinalMatchismo;
			productName = FinalMatchismo;
			productReference = 8C00FC6C1B2CD16100A062E4 /* FinalMatchismo.app */;
			productType = "com.apple.product-type.application";
		};
		8C00FC841B2CD16100A062E4 /* FinalMatchismoTests */ = {
			isa = PBXNativeTarget;
			buildConfigurationList = 8C00FC921B2CD16100A062E4 /* Build configuration list for PBXNativeTarget "FinalMatchismoTests" */;
			buildPhases = (
				8C00FC811B2CD16100A062E4 /* Sources */,
				8C00FC821B2CD16100A062E4 /* Frameworks */,
				8C00FC831B2CD16100A062E4 /* Resources */,
			);
			buildRules = (
			);
			dependencies = (
				8C00FC871B2CD16100A062E4 /* PBXTargetDependency */,
			);
			name = FinalMatchismoTests;
			productName = FinalMatchismoTests;
			productReference = 8C00FC851B2CD16100A062E4 /* FinalMatchismoTests.xctest */;
			productType = "com.apple.product-type.bundle.unit-test";
		};
/* End PBXNativeTarget section */

/* Begin PBXProject section */
		8C00FC641B2CD16100A062E4 /* Project object */ = {
			isa = PBXProject;
			attributes = {
				LastUpgradeCheck = 0630;
				ORGANIZATIONNAME = PrashMaya;
				TargetAttributes = {
					8C00FC6B1B2CD16100A062E4 = {
						CreatedOnToolsVersion = 6.3.1;
					};
					8C00FC841B2CD16100A062E4 = {
						CreatedOnToolsVersion = 6.3.1;
						TestTargetID = 8C00FC6B1B2CD16100A062E4;
					};
				};
			};
			buildConfigurationList = 8C00FC671B2CD16100A062E4 /* Build configuration list for PBXProject "FinalMatchismo" */;
			compatibilityVersion = "Xcode 3.2";
			developmentRegion = English;
			hasScannedForEncodings = 0;
			knownRegions = (
				en,
				Base,
			);
			mainGroup = 8C00FC631B2CD16100A062E4;
			productRefGroup = 8C00FC6D1B2CD16100A062E4 /* Products */;
			projectDirPath = "";
			projectRoot = "";
			targets = (
				8C00FC6B1B2CD16100A062E4 /* FinalMatchismo */,
				8C00FC841B2CD16100A062E4 /* FinalMatchismoTests */,
			);
		};
/* End PBXProject section */

/* Begin PBXResourcesBuildPhase section */
		8C00FC6A1B2CD16100A062E4 /* Resources */ = {
			isa = PBXResourcesBuildPhase;
			buildActionMask = 2147483647;
			files = (
				8C00FC7B1B2CD16100A062E4 /* Main.storyboard in Resources */,
				8C00FC801B2CD16100A062E4 /* LaunchScreen.xib in Resources */,
				8C00FC7D1B2CD16100A062E4 /* Images.xcassets in Resources */,
			);
			runOnlyForDeploymentPostprocessing = 0;
		};
		8C00FC831B2CD16100A062E4 /* Resources */ = {
			isa = PBXResourcesBuildPhase;
			buildActionMask = 2147483647;
			files = (
			);
			runOnlyForDeploymentPostprocessing = 0;
		};
/* End PBXResourcesBuildPhase section */

/* Begin PBXSourcesBuildPhase section */
		8C00FC681B2CD16100A062E4 /* Sources */ = {
			isa = PBXSourcesBuildPhase;
			buildActionMask = 2147483647;
			files = (
				8C00FC781B2CD16100A062E4 /* ViewController.m in Sources */,
				8C00FC751B2CD16100A062E4 /* AppDelegate.m in Sources */,
				8C00FC721B2CD16100A062E4 /* main.m in Sources */,
			);
			runOnlyForDeploymentPostprocessing = 0;
		};
		8C00FC811B2CD16100A062E4 /* Sources */ = {
			isa = PBXSourcesBuildPhase;
			buildActionMask = 2147483647;
			files = (
				8C00FC8C1B2CD16100A062E4 /* FinalMatchismoTests.m in Sources */,
			);
			runOnlyForDeploymentPostprocessing = 0;
		};
/* End PBXSourcesBuildPhase section */

/* Begin PBXTargetDependency section */
		8C00FC871B2CD16100A062E4 /* PBXTargetDependency */ = {
			isa = PBXTargetDependency;
			target = 8C00FC6B1B2CD16100A062E4 /* FinalMatchismo */;
			targetProxy = 8C00FC861B2CD16100A062E4 /* PBXContainerItemProxy */;
		};
/* End PBXTargetDependency section */

/* Begin PBXVariantGroup section */
		8C00FC791B2CD16100A062E4 /* Main.storyboard */ = {
			isa = PBXVariantGroup;
			children = (
				8C00FC7A1B2CD16100A062E4 /* Base */,
			);
			name = Main.storyboard;
			sourceTree = "<group>";
		};
		8C00FC7E1B2CD16100A062E4 /* LaunchScreen.xib */ = {
			isa = PBXVariantGroup;
			children = (
				8C00FC7F1B2CD16100A062E4 /* Base */,
			);
			name = LaunchScreen.xib;
			sourceTree = "<group>";
		};
/* End PBXVariantGroup section */

/* Begin XCBuildConfiguration section */
		8C00FC8D1B2CD16100A062E4 /* Debug */ = {
			isa = XCBuildConfiguration;
			buildSettings = {
				ALWAYS_SEARCH_USER_PATHS = NO;
				CLANG_CXX_LANGUAGE_STANDARD = "gnu++0x";
				CLANG_CXX_LIBRARY = "libc++";
				CLANG_ENABLE_MODULES = YES;
				CLANG_ENABLE_OBJC_ARC = YES;
				CLANG_WARN_BOOL_CONVERSION = YES;
				CLANG_WARN_CONSTANT_CONVERSION = YES;
				CLANG_WARN_DIRECT_OBJC_ISA_USAGE = YES_ERROR;
				CLANG_WARN_EMPTY_BODY = YES;
				CLANG_WARN_ENUM_CONVERSION = YES;
				CLANG_WARN_INT_CONVERSION = YES;
				CLANG_WARN_OBJC_ROOT_CLASS = YES_ERROR;
				CLANG_WARN_UNREACHABLE_CODE = YES;
				CLANG_WARN__DUPLICATE_METHOD_MATCH = YES;
				"CODE_SIGN_IDENTITY[sdk=iphoneos*]" = "iPhone Developer";
				COPY_PHASE_STRIP = NO;
				DEBUG_INFORMATION_FORMAT = "dwarf-with-dsym";
				ENABLE_STRICT_OBJC_MSGSEND = YES;
				GCC_C_LANGUAGE_STANDARD = gnu99;
				GCC_DYNAMIC_NO_PIC = NO;
				GCC_NO_COMMON_BLOCKS = YES;
				GCC_OPTIMIZATION_LEVEL = 0;
				GCC_PREPROCESSOR_DEFINITIONS = (
					"DEBUG=1",
					"$(inherited)",
				);
				GCC_SYMBOLS_PRIVATE_EXTERN = NO;
				GCC_WARN_64_TO_32_BIT_CONVERSION = YES;
				GCC_WARN_ABOUT_RETURN_TYPE = YES_ERROR;
				GCC_WARN_UNDECLARED_SELECTOR = YES;
				GCC_WARN_UNINITIALIZED_AUTOS = YES_AGGRESSIVE;
				GCC_WARN_UNUSED_FUNCTION = YES;
				GCC_WARN_UNUSED_VARIABLE = YES;
				IPHONEOS_DEPLOYMENT_TARGET = 8.3;
				MTL_ENABLE_DEBUG_INFO = YES;
				ONLY_ACTIVE_ARCH = YES;
				SDKROOT = iphoneos;
			};
			name = Debug;
		};
		8C00FC8E1B2CD16100A062E4 /* Release */ = {
			isa = XCBuildConfiguration;
			buildSettings = {
				ALWAYS_SEARCH_USER_PATHS = NO;
				CLANG_CXX_LANGUAGE_STANDARD = "gnu++0x";
				CLANG_CXX_LIBRARY = "libc++";
				CLANG_ENABLE_MODULES = YES;
				CLANG_ENABLE_OBJC_ARC = YES;
				CLANG_WARN_BOOL_CONVERSION = YES;
				CLANG_WARN_CONSTANT_CONVERSION = YES;
				CLANG_WARN_DIRECT_OBJC_ISA_USAGE = YES_ERROR;
				CLANG_WARN_EMPTY_BODY = YES;
				CLANG_WARN_ENUM_CONVERSION = YES;
				CLANG_WARN_INT_CONVERSION = YES;
				CLANG_WARN_OBJC_ROOT_CLASS = YES_ERROR;
				CLANG_WARN_UNREACHABLE_CODE = YES;
				CLANG_WARN__DUPLICATE_METHOD_MATCH = YES;
				"CODE_SIGN_IDENTITY[sdk=iphoneos*]" = "iPhone Developer";
				COPY_PHASE_STRIP = NO;
				DEBUG_INFORMATION_FORMAT = "dwarf-with-dsym";
				ENABLE_NS_ASSERTIONS = NO;
				ENABLE_STRICT_OBJC_MSGSEND = YES;
				GCC_C_LANGUAGE_STANDARD = gnu99;
				GCC_NO_COMMON_BLOCKS = YES;
				GCC_WARN_64_TO_32_BIT_CONVERSION = YES;
				GCC_WARN_ABOUT_RETURN_TYPE = YES_ERROR;
				GCC_WARN_UNDECLARED_SELECTOR = YES;
				GCC_WARN_UNINITIALIZED_AUTOS = YES_AGGRESSIVE;
				GCC_WARN_UNUSED_FUNCTION = YES;
				GCC_WARN_UNUSED_VARIABLE = YES;
				IPHONEOS_DEPLOYMENT_TARGET = 8.3;
				MTL_ENABLE_DEBUG_INFO = NO;
				SDKROOT = iphoneos;
				VALIDATE_PRODUCT = YES;
			};
			name = Release;
		};
		8C00FC901B2CD16100A062E4 /* Debug */ = {
			isa = XCBuildConfiguration;
			buildSettings = {
				ASSETCATALOG_COMPILER_APPICON_NAME = AppIcon;
				INFOPLIST_FILE = FinalMatchismo/Info.plist;
				LD_RUNPATH_SEARCH_PATHS = "$(inherited) @executable_path/Frameworks";
				PRODUCT_NAME = "$(TARGET_NAME)";
			};
			name = Debug;
		};
		8C00FC911B2CD16100A062E4 /* Release */ = {
			isa = XCBuildConfiguration;
			buildSettings = {
				ASSETCATALOG_COMPILER_APPICON_NAME = AppIcon;
				INFOPLIST_FILE = FinalMatchismo/Info.plist;
				LD_RUNPATH_SEARCH_PATHS = "$(inherited) @executable_path/Frameworks";
				PRODUCT_NAME = "$(TARGET_NAME)";
			};
			name = Release;
		};
		8C00FC931B2CD16100A062E4 /* Debug */ = {
			isa = XCBuildConfiguration;
			buildSettings = {
				BUNDLE_LOADER = "$(TEST_HOST)";
				FRAMEWORK_SEARCH_PATHS = (
					"$(SDKROOT)/Developer/Library/Frameworks",
					"$(inherited)",
				);
				GCC_PREPROCESSOR_DEFINITIONS = (
					"DEBUG=1",
					"$(inherited)",
				);
				INFOPLIST_FILE = FinalMatchismoTests/Info.plist;
				LD_RUNPATH_SEARCH_PATHS = "$(inherited) @executable_path/Frameworks @loader_path/Frameworks";
				PRODUCT_NAME = "$(TARGET_NAME)";
				TEST_HOST = "$(BUILT_PRODUCTS_DIR)/FinalMatchismo.app/FinalMatchismo";
			};
			name = Debug;
		};
		8C00FC941B2CD16100A062E4 /* Release */ = {
			isa = XCBuildConfiguration;
			buildSettings = {
				BUNDLE_LOADER = "$(TEST_HOST)";
				FRAMEWORK_SEARCH_PATHS = (
					"$(SDKROOT)/Developer/Library/Frameworks",
					"$(inherited)",
				);
				INFOPLIST_FILE = FinalMatchismoTests/Info.plist;
				LD_RUNPATH_SEARCH_PATHS = "$(inherited) @executable_path/Frameworks @loader_path/Frameworks";
				PRODUCT_NAME = "$(TARGET_NAME)";
				TEST_HOST = "$(BUILT_PRODUCTS_DIR)/FinalMatchismo.app/FinalMatchismo";
			};
			name = Release;
		};
/* End XCBuildConfiguration section */

/* Begin XCConfigurationList section */
		8C00FC671B2CD16100A062E4 /* Build configuration list for PBXProject "FinalMatchismo" */ = {
			isa = XCConfigurationList;
			buildConfigurations = (
				8C00FC8D1B2CD16100A062E4 /* Debug */,
				8C00FC8E1B2CD16100A062E4 /* Release */,
			);
			defaultConfigurationIsVisible = 0;
			defaultConfigurationName = Release;
		};
		8C00FC8F1B2CD16100A062E4 /* Build configuration list for PBXNativeTarget "FinalMatchismo" */ = {
			isa = XCConfigurationList;
			buildConfigurations = (
				8C00FC901B2CD16100A062E4 /* Debug */,
				8C00FC911B2CD16100A062E4 /* Release */,
			);
			defaultConfigurationIsVisible = 0;
		};
		8C00FC921B2CD16100A062E4 /* Build configuration list for PBXNativeTarget "FinalMatchismoTests" */ = {
			isa = XCConfigurationList;
			buildConfigurations = (
				8C00FC931B2CD16100A062E4 /* Debug */,
				8C00FC941B2CD16100A062E4 /* Release */,
			);
			defaultConfigurationIsVisible = 0;
		};
/* End XCConfigurationList section */
	};
	rootObject = 8C00FC641B2CD16100A062E4 /* Project object */;
}
